Microsoft Visual Studio Solution File, Format Version 12.00
# Visual Studio 16
Project("{8BC9CEB8-8B4A-11D0-8D11-00A0C91BC942}") = "ALL_BUILD", "ALL_BUILD.vcxproj", "{96EFBABD-7D28-38F7-99DB-4682BAD73670}"
	ProjectSection(ProjectDependencies) = postProject
		{B5674578-AA3F-3409-87FE-78B533EDFB80} = {B5674578-AA3F-3409-87FE-78B533EDFB80}
		{3BEA1C14-E623-3E84-A54C-F142573811E9} = {3BEA1C14-E623-3E84-A54C-F142573811E9}
		{4E7E1CC2-D052-3F64-B373-0430E365BD26} = {4E7E1CC2-D052-3F64-B373-0430E365BD26}
		{D2CFA1CB-D5A1-3DBB-B014-140B5CAB27ED} = {D2CFA1CB-D5A1-3DBB-B014-140B5CAB27ED}
		{095A7F8A-FB5D-3ED8-94D5-EA3BFE7D7175} = {095A7F8A-FB5D-3ED8-94D5-EA3BFE7D7175}
		{A2EF7B29-4A8A-3FCF-A0E4-4CBDA76B59FD} = {A2EF7B29-4A8A-3FCF-A0E4-4CBDA76B59FD}
		{FC8AB634-3BA0-3727-92CA-07A6355F497D} = {FC8AB634-3BA0-3727-92CA-07A6355F497D}
		{084FF870-EE8B-33AB-BA89-4E510696DE83} = {084FF870-EE8B-33AB-BA89-4E510696DE83}
	EndProjectSection
EndProject
Project("{8BC9CEB8-8B4A-11D0-8D11-00A0C91BC942}") = "INSTALL", "INSTALL.vcxproj", "{84F47C63-034B-3ABF-9834-FD02F826E358}"
	ProjectSection(ProjectDependencies) = postProject
		{96EFBABD-7D28-38F7-99DB-4682BAD73670} = {96EFBABD-7D28-38F7-99DB-4682BAD73670}
		{3BEA1C14-E623-3E84-A54C-F142573811E9} = {3BEA1C14-E623-3E84-A54C-F142573811E9}
	EndProjectSection
EndProject
Project("{8BC9CEB8-8B4A-11D0-8D11-00A0C91BC942}") = "IrrXML", "contrib\irrXML\IrrXML.vcxproj", "{B5674578-AA3F-3409-87FE-78B533EDFB80}"
	ProjectSection(ProjectDependencies) = postProject
		{3BEA1C14-E623-3E84-A54C-F142573811E9} = {3BEA1C14-E623-3E84-A54C-F142573811E9}
	EndProjectSection
EndProject
Project("{8BC9CEB8-8B4A-11D0-8D11-00A0C91BC942}") = "UpdateAssimpLibsDebugSymbolsAndDLLs", "UpdateAssimpLibsDebugSymbolsAndDLLs.vcxproj", "{DFCA6B48-89AA-3430-AB1F-3BAF6565E1C6}"
	ProjectSection(ProjectDependencies) = postProject
		{3BEA1C14-E623-3E84-A54C-F142573811E9} = {3BEA1C14-E623-3E84-A54C-F142573811E9}
	EndProjectSection
EndProject
Project("{8BC9CEB8-8B4A-11D0-8D11-00A0C91BC942}") = "ZERO_CHECK", "ZERO_CHECK.vcxproj", "{3BEA1C14-E623-3E84-A54C-F142573811E9}"
	ProjectSection(ProjectDependencies) = postProject
	EndProjectSection
EndProject
Project("{8BC9CEB8-8B4A-11D0-8D11-00A0C91BC942}") = "assimp", "code\assimp.vcxproj", "{4E7E1CC2-D052-3F64-B373-0430E365BD26}"
	ProjectSection(ProjectDependencies) = postProject
		{B5674578-AA3F-3409-87FE-78B533EDFB80} = {B5674578-AA3F-3409-87FE-78B533EDFB80}
		{3BEA1C14-E623-3E84-A54C-F142573811E9} = {3BEA1C14-E623-3E84-A54C-F142573811E9}
		{084FF870-EE8B-33AB-BA89-4E510696DE83} = {084FF870-EE8B-33AB-BA89-4E510696DE83}
	EndProjectSection
EndProject
Project("{8BC9CEB8-8B4A-11D0-8D11-00A0C91BC942}") = "assimp_cmd", "tools\assimp_cmd\assimp_cmd.vcxproj", "{D2CFA1CB-D5A1-3DBB-B014-140B5CAB27ED}"
	ProjectSection(ProjectDependencies) = postProject
		{B5674578-AA3F-3409-87FE-78B533EDFB80} = {B5674578-AA3F-3409-87FE-78B533EDFB80}
		{3BEA1C14-E623-3E84-A54C-F142573811E9} = {3BEA1C14-E623-3E84-A54C-F142573811E9}
		{4E7E1CC2-D052-3F64-B373-0430E365BD26} = {4E7E1CC2-D052-3F64-B373-0430E365BD26}
		{084FF870-EE8B-33AB-BA89-4E510696DE83} = {084FF870-EE8B-33AB-BA89-4E510696DE83}
	EndProjectSection
EndProject
Project("{8BC9CEB8-8B4A-11D0-8D11-00A0C91BC942}") = "assimp_viewer", "tools\assimp_view\assimp_viewer.vcxproj", "{095A7F8A-FB5D-3ED8-94D5-EA3BFE7D7175}"
	ProjectSection(ProjectDependencies) = postProject
		{B5674578-AA3F-3409-87FE-78B533EDFB80} = {B5674578-AA3F-3409-87FE-78B533EDFB80}
		{3BEA1C14-E623-3E84-A54C-F142573811E9} = {3BEA1C14-E623-3E84-A54C-F142573811E9}
		{4E7E1CC2-D052-3F64-B373-0430E365BD26} = {4E7E1CC2-D052-3F64-B373-0430E365BD26}
		{084FF870-EE8B-33AB-BA89-4E510696DE83} = {084FF870-EE8B-33AB-BA89-4E510696DE83}
	EndProjectSection
EndProject
Project("{8BC9CEB8-8B4A-11D0-8D11-00A0C91BC942}") = "uninstall", "uninstall.vcxproj", "{036042A0-2FFB-365F-B929-8AAD24729065}"
	ProjectSection(ProjectDependencies) = postProject
		{3BEA1C14-E623-3E84-A54C-F142573811E9} = {3BEA1C14-E623-3E84-A54C-F142573811E9}
	EndProjectSection
EndProject
Project("{8BC9CEB8-8B4A-11D0-8D11-00A0C91BC942}") = "unit", "test\unit.vcxproj", "{A2EF7B29-4A8A-3FCF-A0E4-4CBDA76B59FD}"
	ProjectSection(ProjectDependencies) = postProject
		{B5674578-AA3F-3409-87FE-78B533EDFB80} = {B5674578-AA3F-3409-87FE-78B533EDFB80}
		{3BEA1C14-E623-3E84-A54C-F142573811E9} = {3BEA1C14-E623-3E84-A54C-F142573811E9}
		{4E7E1CC2-D052-3F64-B373-0430E365BD26} = {4E7E1CC2-D052-3F64-B373-0430E365BD26}
		{084FF870-EE8B-33AB-BA89-4E510696DE83} = {084FF870-EE8B-33AB-BA89-4E510696DE83}
	EndProjectSection
EndProject
Project("{8BC9CEB8-8B4A-11D0-8D11-00A0C91BC942}") = "zlib", "contrib\zlib\zlib.vcxproj", "{FC8AB634-3BA0-3727-92CA-07A6355F497D}"
	ProjectSection(ProjectDependencies) = postProject
		{3BEA1C14-E623-3E84-A54C-F142573811E9} = {3BEA1C14-E623-3E84-A54C-F142573811E9}
	EndProjectSection
EndProject
Project("{8BC9CEB8-8B4A-11D0-8D11-00A0C91BC942}") = "zlibstatic", "contrib\zlib\zlibstatic.vcxproj", "{084FF870-EE8B-33AB-BA89-4E510696DE83}"
	ProjectSection(ProjectDependencies) = postProject
		{3BEA1C14-E623-3E84-A54C-F142573811E9} = {3BEA1C14-E623-3E84-A54C-F142573811E9}
	EndProjectSection
EndProject
Global
	GlobalSection(SolutionConfigurationPlatforms) = preSolution
		Debug|x64 = Debug|x64
		Release|x64 = Release|x64
		MinSizeRel|x64 = MinSizeRel|x64
		RelWithDebInfo|x64 = RelWithDebInfo|x64
	EndGlobalSection
	GlobalSection(ProjectConfigurationPlatforms) = postSolution
		{96EFBABD-7D28-38F7-99DB-4682BAD73670}.Debug|x64.ActiveCfg = Debug|x64
		{96EFBABD-7D28-38F7-99DB-4682BAD73670}.Debug|x64.Build.0 = Debug|x64
		{96EFBABD-7D28-38F7-99DB-4682BAD73670}.Release|x64.ActiveCfg = Release|x64
		{96EFBABD-7D28-38F7-99DB-4682BAD73670}.Release|x64.Build.0 = Release|x64
		{96EFBABD-7D28-38F7-99DB-4682BAD73670}.MinSizeRel|x64.ActiveCfg = MinSizeRel|x64
		{96EFBABD-7D28-38F7-99DB-4682BAD73670}.MinSizeRel|x64.Build.0 = MinSizeRel|x64
		{96EFBABD-7D28-38F7-99DB-4682BAD73670}.RelWithDebInfo|x64.ActiveCfg = RelWithDebInfo|x64
		{96EFBABD-7D28-38F7-99DB-4682BAD73670}.RelWithDebInfo|x64.Build.0 = RelWithDebInfo|x64
		{84F47C63-034B-3ABF-9834-FD02F826E358}.Debug|x64.ActiveCfg = Debug|x64
		{84F47C63-034B-3ABF-9834-FD02F826E358}.Release|x64.ActiveCfg = Release|x64
		{84F47C63-034B-3ABF-9834-FD02F826E358}.MinSizeRel|x64.ActiveCfg = MinSizeRel|x64
		{84F47C63-034B-3ABF-9834-FD02F826E358}.RelWithDebInfo|x64.ActiveCfg = RelWithDebInfo|x64
		{B5674578-AA3F-3409-87FE-78B533EDFB80}.Debug|x64.ActiveCfg = Debug|x64
		{B5674578-AA3F-3409-87FE-78B533EDFB80}.Debug|x64.Build.0 = Debug|x64
		{B5674578-AA3F-3409-87FE-78B533EDFB80}.Release|x64.ActiveCfg = Release|x64
		{B5674578-AA3F-3409-87FE-78B533EDFB80}.Release|x64.Build.0 = Release|x64
		{B5674578-AA3F-3409-87FE-78B533EDFB80}.MinSizeRel|x64.ActiveCfg = MinSizeRel|x64
		{B5674578-AA3F-3409-87FE-78B533EDFB80}.MinSizeRel|x64.Build.0 = MinSizeRel|x64
		{B5674578-AA3F-3409-87FE-78B533EDFB80}.RelWithDebInfo|x64.ActiveCfg = RelWithDebInfo|x64
		{B5674578-AA3F-3409-87FE-78B533EDFB80}.RelWithDebInfo|x64.Build.0 = RelWithDebInfo|x64
		{DFCA6B48-89AA-3430-AB1F-3BAF6565E1C6}.Debug|x64.ActiveCfg = Debug|x64
		{DFCA6B48-89AA-3430-AB1F-3BAF6565E1C6}.Release|x64.ActiveCfg = Release|x64
		{DFCA6B48-89AA-3430-AB1F-3BAF6565E1C6}.MinSizeRel|x64.ActiveCfg = MinSizeRel|x64
		{DFCA6B48-89AA-3430-AB1F-3BAF6565E1C6}.RelWithDebInfo|x64.ActiveCfg = RelWithDebInfo|x64
		{3BEA1C14-E623-3E84-A54C-F142573811E9}.Debug|x64.ActiveCfg = Debug|x64
		{3BEA1C14-E623-3E84-A54C-F142573811E9}.Debug|x64.Build.0 = Debug|x64
		{3BEA1C14-E623-3E84-A54C-F142573811E9}.Release|x64.ActiveCfg = Release|x64
		{3BEA1C14-E623-3E84-A54C-F142573811E9}.Release|x64.Build.0 = Release|x64
		{3BEA1C14-E623-3E84-A54C-F142573811E9}.MinSizeRel|x64.ActiveCfg = MinSizeRel|x64
		{3BEA1C14-E623-3E84-A54C-F142573811E9}.MinSizeRel|x64.Build.0 = MinSizeRel|x64
		{3BEA1C14-E623-3E84-A54C-F142573811E9}.RelWithDebInfo|x64.ActiveCfg = RelWithDebInfo|x64
		{3BEA1C14-E623-3E84-A54C-F142573811E9}.RelWithDebInfo|x64.Build.0 = RelWithDebInfo|x64
		{4E7E1CC2-D052-3F64-B373-0430E365BD26}.Debug|x64.ActiveCfg = Debug|x64
		{4E7E1CC2-D052-3F64-B373-0430E365BD26}.Debug|x64.Build.0 = Debug|x64
		{4E7E1CC2-D052-3F64-B373-0430E365BD26}.Release|x64.ActiveCfg = Release|x64
		{4E7E1CC2-D052-3F64-B373-0430E365BD26}.Release|x64.Build.0 = Release|x64
		{4E7E1CC2-D052-3F64-B373-0430E365BD26}.MinSizeRel|x64.ActiveCfg = MinSizeRel|x64
		{4E7E1CC2-D052-3F64-B373-0430E365BD26}.MinSizeRel|x64.Build.0 = MinSizeRel|x64
		{4E7E1CC2-D052-3F64-B373-0430E365BD26}.RelWithDebInfo|x64.ActiveCfg = RelWithDebInfo|x64
		{4E7E1CC2-D052-3F64-B373-0430E365BD26}.RelWithDebInfo|x64.Build.0 = RelWithDebInfo|x64
		{D2CFA1CB-D5A1-3DBB-B014-140B5CAB27ED}.Debug|x64.ActiveCfg = Debug|x64
		{D2CFA1CB-D5A1-3DBB-B014-140B5CAB27ED}.Debug|x64.Build.0 = Debug|x64
		{D2CFA1CB-D5A1-3DBB-B014-140B5CAB27ED}.Release|x64.ActiveCfg = Release|x64
		{D2CFA1CB-D5A1-3DBB-B014-140B5CAB27ED}.Release|x64.Build.0 = Release|x64
		{D2CFA1CB-D5A1-3DBB-B014-140B5CAB27ED}.MinSizeRel|x64.ActiveCfg = MinSizeRel|x64
		{D2CFA1CB-D5A1-3DBB-B014-140B5CAB27ED}.MinSizeRel|x64.Build.0 = MinSizeRel|x64
		{D2CFA1CB-D5A1-3DBB-B014-140B5CAB27ED}.RelWithDebInfo|x64.ActiveCfg = RelWithDebInfo|x64
		{D2CFA1CB-D5A1-3DBB-B014-140B5CAB27ED}.RelWithDebInfo|x64.Build.0 = RelWithDebInfo|x64
		{095A7F8A-FB5D-3ED8-94D5-EA3BFE7D7175}.Debug|x64.ActiveCfg = Debug|x64
		{095A7F8A-FB5D-3ED8-94D5-EA3BFE7D7175}.Debug|x64.Build.0 = Debug|x64
		{095A7F8A-FB5D-3ED8-94D5-EA3BFE7D7175}.Release|x64.ActiveCfg = Release|x64
		{095A7F8A-FB5D-3ED8-94D5-EA3BFE7D7175}.Release|x64.Build.0 = Release|x64
		{095A7F8A-FB5D-3ED8-94D5-EA3BFE7D7175}.MinSizeRel|x64.ActiveCfg = MinSizeRel|x64
		{095A7F8A-FB5D-3ED8-94D5-EA3BFE7D7175}.MinSizeRel|x64.Build.0 = MinSizeRel|x64
		{095A7F8A-FB5D-3ED8-94D5-EA3BFE7D7175}.RelWithDebInfo|x64.ActiveCfg = RelWithDebInfo|x64
		{095A7F8A-FB5D-3ED8-94D5-EA3BFE7D7175}.RelWithDebInfo|x64.Build.0 = RelWithDebInfo|x64
		{036042A0-2FFB-365F-B929-8AAD24729065}.Debug|x64.ActiveCfg = Debug|x64
		{036042A0-2FFB-365F-B929-8AAD24729065}.Release|x64.ActiveCfg = Release|x64
		{036042A0-2FFB-365F-B929-8AAD24729065}.MinSizeRel|x64.ActiveCfg = MinSizeRel|x64
		{036042A0-2FFB-365F-B929-8AAD24729065}.RelWithDebInfo|x64.ActiveCfg = RelWithDebInfo|x64
		{A2EF7B29-4A8A-3FCF-A0E4-4CBDA76B59FD}.Debug|x64.ActiveCfg = Debug|x64
		{A2EF7B29-4A8A-3FCF-A0E4-4CBDA76B59FD}.Debug|x64.Build.0 = Debug|x64
		{A2EF7B29-4A8A-3FCF-A0E4-4CBDA76B59FD}.Release|x64.ActiveCfg = Release|x64
		{A2EF7B29-4A8A-3FCF-A0E4-4CBDA76B59FD}.Release|x64.Build.0 = Release|x64
		{A2EF7B29-4A8A-3FCF-A0E4-4CBDA76B59FD}.MinSizeRel|x64.ActiveCfg = MinSizeRel|x64
		{A2EF7B29-4A8A-3FCF-A0E4-4CBDA76B59FD}.MinSizeRel|x64.Build.0 = MinSizeRel|x64
		{A2EF7B29-4A8A-3FCF-A0E4-4CBDA76B59FD}.RelWithDebInfo|x64.ActiveCfg = RelWithDebInfo|x64
		{A2EF7B29-4A8A-3FCF-A0E4-4CBDA76B59FD}.RelWithDebInfo|x64.Build.0 = RelWithDebInfo|x64
		{FC8AB634-3BA0-3727-92CA-07A6355F497D}.Debug|x64.ActiveCfg = Debug|x64
		{FC8AB634-3BA0-3727-92CA-07A6355F497D}.Debug|x64.Build.0 = Debug|x64
		{FC8AB634-3BA0-3727-92CA-07A6355F497D}.Release|x64.ActiveCfg = Release|x64
		{FC8AB634-3BA0-3727-92CA-07A6355F497D}.Release|x64.Build.0 = Release|x64
		{FC8AB634-3BA0-3727-92CA-07A6355F497D}.MinSizeRel|x64.ActiveCfg = MinSizeRel|x64
		{FC8AB634-3BA0-3727-92CA-07A6355F497D}.MinSizeRel|x64.Build.0 = MinSizeRel|x64
		{FC8AB634-3BA0-3727-92CA-07A6355F497D}.RelWithDebInfo|x64.ActiveCfg = RelWithDebInfo|x64
		{FC8AB634-3BA0-3727-92CA-07A6355F497D}.RelWithDebInfo|x64.Build.0 = RelWithDebInfo|x64
		{084FF870-EE8B-33AB-BA89-4E510696DE83}.Debug|x64.ActiveCfg = Debug|x64
		{084FF870-EE8B-33AB-BA89-4E510696DE83}.Debug|x64.Build.0 = Debug|x64
		{084FF870-EE8B-33AB-BA89-4E510696DE83}.Release|x64.ActiveCfg = Release|x64
		{084FF870-EE8B-33AB-BA89-4E510696DE83}.Release|x64.Build.0 = Release|x64
		{084FF870-EE8B-33AB-BA89-4E510696DE83}.MinSizeRel|x64.ActiveCfg = MinSizeRel|x64
		{084FF870-EE8B-33AB-BA89-4E510696DE83}.MinSizeRel|x64.Build.0 = MinSizeRel|x64
		{084FF870-EE8B-33AB-BA89-4E510696DE83}.RelWithDebInfo|x64.ActiveCfg = RelWithDebInfo|x64
		{084FF870-EE8B-33AB-BA89-4E510696DE83}.RelWithDebInfo|x64.Build.0 = RelWithDebInfo|x64
	EndGlobalSection
	GlobalSection(ExtensibilityGlobals) = postSolution
		SolutionGuid = {D4C8A8C8-A2D0-3E2C-942D-3292A1C2DD2F}
	EndGlobalSection
	GlobalSection(ExtensibilityAddIns) = postSolution
	EndGlobalSection
EndGlobal
