<?xml version="1.0" encoding="utf-8"?>
<Project ToolsVersion="4.0" xmlns="http://schemas.microsoft.com/developer/msbuild/2003">
  <ItemGroup>
    <Filter Include="Source Files">
      <UniqueIdentifier>{4FC737F1-C7A5-4376-A066-2A32D752A2FF}</UniqueIdentifier>
      <Extensions>cpp;c;cc;cxx;def;odl;idl;hpj;bat;asm;asmx</Extensions>
    </Filter>
    <Filter Include="Header Files">
      <UniqueIdentifier>{93995380-89BD-4b04-88EB-625FBE52EBFB}</UniqueIdentifier>
      <Extensions>h;hh;hpp;hxx;hm;inl;inc;ipp;xsd</Extensions>
    </Filter>
    <Filter Include="Resource Files">
      <UniqueIdentifier>{67DA6AB6-F800-4c08-8B7A-83BB121AAD01}</UniqueIdentifier>
      <Extensions>rc;ico;cur;bmp;dlg;rc2;rct;bin;rgs;gif;jpg;jpeg;jpe;resx;tiff;tif;png;wav;mfcribbon-ms</Extensions>
    </Filter>
    <Filter Include="Source Files\shaders">
      <UniqueIdentifier>{5aecbb7e-4cc1-42a3-95aa-c514c9194b73}</UniqueIdentifier>
    </Filter>
  </ItemGroup>
  <ItemGroup>
    <ClCompile Include="main.cpp">
      <Filter>Source Files</Filter>
    </ClCompile>
    <ClCompile Include="systemclass.cpp">
      <Filter>Source Files</Filter>
    </ClCompile>
    <ClCompile Include="inputclass.cpp">
      <Filter>Source Files</Filter>
    </ClCompile>
    <ClCompile Include="graphicsclass.cpp">
      <Filter>Source Files</Filter>
    </ClCompile>
    <ClCompile Include="d3dclass.cpp">
      <Filter>Source Files</Filter>
    </ClCompile>
    <ClCompile Include="modelclass.cpp">
      <Filter>Source Files</Filter>
    </ClCompile>
    <ClCompile Include="cameraclass.cpp">
      <Filter>Source Files</Filter>
    </ClCompile>
    <ClCompile Include="textureclass.cpp">
      <Filter>Source Files</Filter>
    </ClCompile>
    <ClCompile Include="bitmapclass.cpp">
      <Filter>Source Files</Filter>
    </ClCompile>
    <ClCompile Include="GlyphClass.cpp">
      <Filter>Source Files</Filter>
    </ClCompile>
    <ClCompile Include="BaseClass.cpp">
      <Filter>Source Files</Filter>
    </ClCompile>
    <ClCompile Include="FontShaderClass.cpp">
      <Filter>Source Files</Filter>
    </ClCompile>
    <ClCompile Include="LightClass.cpp">
      <Filter>Source Files</Filter>
    </ClCompile>
    <ClCompile Include="BitmapShaderClass.cpp">
      <Filter>Source Files</Filter>
    </ClCompile>
    <ClCompile Include="DirectXTK-master\Src\WICTextureLoader.cpp">
      <Filter>Source Files</Filter>
    </ClCompile>
    <ClCompile Include="ModelShaderClass.cpp">
      <Filter>Source Files</Filter>
    </ClCompile>
    <ClCompile Include="CpuUsageClass.cpp">
      <Filter>Source Files</Filter>
    </ClCompile>
    <ClCompile Include="SkyboxClass.cpp">
      <Filter>Source Files</Filter>
    </ClCompile>
    <ClCompile Include="SkyboxShaderClass.cpp">
      <Filter>Source Files</Filter>
    </ClCompile>
    <ClCompile Include="FrustumClass.cpp">
      <Filter>Source Files</Filter>
    </ClCompile>
    <ClCompile Include="RenderTextureClass.cpp">
      <Filter>Source Files</Filter>
    </ClCompile>
    <ClCompile Include="PointLightClass.cpp">
      <Filter>Source Files</Filter>
    </ClCompile>
    <ClCompile Include="depthshaderclass.cpp">
      <Filter>Source Files</Filter>
    </ClCompile>
  </ItemGroup>
  <ItemGroup>
    <ClInclude Include="systemclass.h">
      <Filter>Header Files</Filter>
    </ClInclude>
    <ClInclude Include="inputclass.h">
      <Filter>Header Files</Filter>
    </ClInclude>
    <ClInclude Include="graphicsclass.h">
      <Filter>Header Files</Filter>
    </ClInclude>
    <ClInclude Include="d3dclass.h">
      <Filter>Header Files</Filter>
    </ClInclude>
    <ClInclude Include="modelclass.h">
      <Filter>Header Files</Filter>
    </ClInclude>
    <ClInclude Include="commoninclude.h">
      <Filter>Header Files</Filter>
    </ClInclude>
    <ClInclude Include="cameraclass.h">
      <Filter>Header Files</Filter>
    </ClInclude>
    <ClInclude Include="textureclass.h">
      <Filter>Header Files</Filter>
    </ClInclude>
    <ClInclude Include="bitmapclass.h">
      <Filter>Header Files</Filter>
    </ClInclude>
    <ClInclude Include="GlyphClass.h">
      <Filter>Header Files</Filter>
    </ClInclude>
    <ClInclude Include="BaseClass.h">
      <Filter>Header Files</Filter>
    </ClInclude>
    <ClInclude Include="FontShaderClass.h">
      <Filter>Header Files</Filter>
    </ClInclude>
    <ClInclude Include="LightClass.h">
      <Filter>Header Files</Filter>
    </ClInclude>
    <ClInclude Include="BitmapShaderClass.h">
      <Filter>Header Files</Filter>
    </ClInclude>
    <ClInclude Include="ModelShaderClass.h">
      <Filter>Header Files</Filter>
    </ClInclude>
    <ClInclude Include="CpuUsageClass.h">
      <Filter>Header Files</Filter>
    </ClInclude>
    <ClInclude Include="SkyboxClass.h">
      <Filter>Header Files</Filter>
    </ClInclude>
    <ClInclude Include="SkyboxShaderClass.h">
      <Filter>Header Files</Filter>
    </ClInclude>
    <ClInclude Include="FrustumClass.h">
      <Filter>Header Files</Filter>
    </ClInclude>
    <ClInclude Include="RenderTextureClass.h">
      <Filter>Header Files</Filter>
    </ClInclude>
    <ClInclude Include="PointLightClass.h">
      <Filter>Header Files</Filter>
    </ClInclude>
    <ClInclude Include="depthshaderclass.h">
      <Filter>Header Files</Filter>
    </ClInclude>
  </ItemGroup>
  <ItemGroup>
    <None Include="packages.config" />
  </ItemGroup>
  <ItemGroup>
    <FxCompile Include="shaders\pcolor.hlsl">
      <Filter>Source Files\shaders</Filter>
    </FxCompile>
    <FxCompile Include="shaders\pdepth.hlsl">
      <Filter>Source Files\shaders</Filter>
    </FxCompile>
    <FxCompile Include="shaders\pfont.hlsl">
      <Filter>Source Files\shaders</Filter>
    </FxCompile>
    <FxCompile Include="shaders\plight.hlsl">
      <Filter>Source Files\shaders</Filter>
    </FxCompile>
    <FxCompile Include="shaders\pmodel_light.hlsl">
      <Filter>Source Files\shaders</Filter>
    </FxCompile>
    <FxCompile Include="shaders\pmodel_light_shadows.hlsl">
      <Filter>Source Files\shaders</Filter>
    </FxCompile>
    <FxCompile Include="shaders\pskybox.hlsl">
      <Filter>Source Files\shaders</Filter>
    </FxCompile>
    <FxCompile Include="shaders\ptexture.hlsl">
      <Filter>Source Files\shaders</Filter>
    </FxCompile>
    <FxCompile Include="shaders\vcolor.hlsl">
      <Filter>Source Files\shaders</Filter>
    </FxCompile>
    <FxCompile Include="shaders\vdepth.hlsl">
      <Filter>Source Files\shaders</Filter>
    </FxCompile>
    <FxCompile Include="shaders\vfont.hlsl">
      <Filter>Source Files\shaders</Filter>
    </FxCompile>
    <FxCompile Include="shaders\vlight.hlsl">
      <Filter>Source Files\shaders</Filter>
    </FxCompile>
    <FxCompile Include="shaders\vmodel_light.hlsl">
      <Filter>Source Files\shaders</Filter>
    </FxCompile>
    <FxCompile Include="shaders\vmodel_light_shadows.hlsl">
      <Filter>Source Files\shaders</Filter>
    </FxCompile>
    <FxCompile Include="shaders\vskybox.hlsl">
      <Filter>Source Files\shaders</Filter>
    </FxCompile>
    <FxCompile Include="shaders\vtexture.hlsl">
      <Filter>Source Files\shaders</Filter>
    </FxCompile>
  </ItemGroup>
</Project>